// !$*UTF8*$!
{
	archiveVersion = 1;
	classes = {
	};
	objectVersion = 77;
	objects = {

/* Begin PBXContainerItemProxy section */
		49439FC22E8C188400A64B86 /* PBXContainerItemProxy */ = {
			isa = PBXContainerItemProxy;
			containerPortal = 49439FAC2E8C188300A64B86 /* Project object */;
			proxyType = 1;
			remoteGlobalIDString = 49439FB32E8C188300A64B86;
			remoteInfo = PersonalFinanceApp;
		};
		49439FCC2E8C188400A64B86 /* PBXContainerItemProxy */ = {
			isa = PBXContainerItemProxy;
			containerPortal = 49439FAC2E8C188300A64B86 /* Project object */;
			proxyType = 1;
			remoteGlobalIDString = 49439FB32E8C188300A64B86;
			remoteInfo = PersonalFinanceApp;
		};
/* End PBXContainerItemProxy section */

/* Begin PBXFileReference section */
		49439FB42E8C188300A64B86 /* PersonalFinanceApp.app */ = {isa = PBXFileReference; explicitFileType = wrapper.application; includeInIndex = 0; path = PersonalFinanceApp.app; sourceTree = BUILT_PRODUCTS_DIR; };
		49439FC12E8C188400A64B86 /* PersonalFinanceAppTests.xctest */ = {isa = PBXFileReference; explicitFileType = wrapper.cfbundle; includeInIndex = 0; path = PersonalFinanceAppTests.xctest; sourceTree = BUILT_PRODUCTS_DIR; };
		49439FCB2E8C188400A64B86 /* PersonalFinanceAppUITests.xctest */ = {isa = PBXFileReference; explicitFileType = wrapper.cfbundle; includeInIndex = 0; path = PersonalFinanceAppUITests.xctest; sourceTree = BUILT_PRODUCTS_DIR; };
/* End PBXFileReference section */

/* Begin PBXFileSystemSynchronizedRootGroup section */
		49439FB62E8C188300A64B86 /* PersonalFinanceApp */ = {
			isa = PBXFileSystemSynchronizedRootGroup;
			path = PersonalFinanceApp;
			sourceTree = "<group>";
		};
		49439FC42E8C188400A64B86 /* PersonalFinanceAppTests */ = {
			isa = PBXFileSystemSynchronizedRootGroup;
			path = PersonalFinanceAppTests;
			sourceTree = "<group>";
		};
		49439FCE2E8C188400A64B86 /* PersonalFinanceAppUITests */ = {
			isa = PBXFileSystemSynchronizedRootGroup;
			path = PersonalFinanceAppUITests;
			sourceTree = "<group>";
		};
/* End PBXFileSystemSynchronizedRootGroup section */

/* Begin PBXFrameworksBuildPhase section */
		49439FB12E8C188300A64B86 /* Frameworks */ = {
			isa = PBXFrameworksBuildPhase;
			buildActionMask = 2147483647;
			files = (
			);
			runOnlyForDeploymentPostprocessing = 0;
		};
		49439FBE2E8C188400A64B86 /* Frameworks */ = {
			isa = PBXFrameworksBuildPhase;
			buildActionMask = 2147483647;
			files = (
			);
			runOnlyForDeploymentPostprocessing = 0;
		};
		49439FC82E8C188400A64B86 /* Frameworks */ = {
			isa = PBXFrameworksBuildPhase;
			buildActionMask = 2147483647;
			files = (
			);
			runOnlyForDeploymentPostprocessing = 0;
		};
/* End PBXFrameworksBuildPhase section */

/* Begin PBXGroup section */
		49439FAB2E8C188300A64B86 = {
			isa = PBXGroup;
			children = (
				49439FB62E8C188300A64B86 /* PersonalFinanceApp */,
				49439FC42E8C188400A64B86 /* PersonalFinanceAppTests */,
				49439FCE2E8C188400A64B86 /* PersonalFinanceAppUITests */,
				49439FB52E8C188300A64B86 /* Products */,
			);
			sourceTree = "<group>";
		};
		49439FB52E8C188300A64B86 /* Products */ = {
			isa = PBXGroup;
			children = (
				49439FB42E8C188300A64B86 /* PersonalFinanceApp.app */,
				49439FC12E8C188400A64B86 /* PersonalFinanceAppTests.xctest */,
				49439FCB2E8C188400A64B86 /* PersonalFinanceAppUITests.xctest */,
			);
			name = Products;
			sourceTree = "<group>";
		};
/* End PBXGroup section */

/* Begin PBXNativeTarget section */
		49439FB32E8C188300A64B86 /* PersonalFinanceApp */ = {
			isa = PBXNativeTarget;
			buildConfigurationList = 49439FD52E8C188400A64B86 /* Build configuration list for PBXNativeTarget "PersonalFinanceApp" */;
			buildPhases = (
				49439FB02E8C188300A64B86 /* Sources */,
				49439FB12E8C188300A64B86 /* Frameworks */,
				49439FB22E8C188300A64B86 /* Resources */,
			);
			buildRules = (
			);
			dependencies = (
			);
			fileSystemSynchronizedGroups = (
				49439FB62E8C188300A64B86 /* PersonalFinanceApp */,
			);
			name = PersonalFinanceApp;
			packageProductDependencies = (
			);
			productName = PersonalFinanceApp;
			productReference = 49439FB42E8C188300A64B86 /* PersonalFinanceApp.app */;
			productType = "com.apple.product-type.application";
		};
		49439FC02E8C188400A64B86 /* PersonalFinanceAppTests */ = {
			isa = PBXNativeTarget;
			buildConfigurationList = 49439FD82E8C188400A64B86 /* Build configuration list for PBXNativeTarget "PersonalFinanceAppTests" */;
			buildPhases = (
				49439FBD2E8C188400A64B86 /* Sources */,
				49439FBE2E8C188400A64B86 /* Frameworks */,
				49439FBF2E8C188400A64B86 /* Resources */,
			);
			buildRules = (
			);
			dependencies = (
				49439FC32E8C188400A64B86 /* PBXTargetDependency */,
			);
			fileSystemSynchronizedGroups = (
				49439FC42E8C188400A64B86 /* PersonalFinanceAppTests */,
			);
			name = PersonalFinanceAppTests;
			packageProductDependencies = (
			);
			productName = PersonalFinanceAppTests;
			productReference = 49439FC12E8C188400A64B86 /* PersonalFinanceAppTests.xctest */;
			productType = "com.apple.product-type.bundle.unit-test";
		};
		49439FCA2E8C188400A64B86 /* PersonalFinanceAppUITests */ = {
			isa = PBXNativeTarget;
			buildConfigurationList = 49439FDB2E8C188400A64B86 /* Build configuration list for PBXNativeTarget "PersonalFinanceAppUITests" */;
			buildPhases = (
				49439FC72E8C188400A64B86 /* Sources */,
				49439FC82E8C188400A64B86 /* Frameworks */,
				49439FC92E8C188400A64B86 /* Resources */,
			);
			buildRules = (
			);
			dependencies = (
				49439FCD2E8C188400A64B86 /* PBXTargetDependency */,
			);
			fileSystemSynchronizedGroups = (
				49439FCE2E8C188400A64B86 /* PersonalFinanceAppUITests */,
			);
			name = PersonalFinanceAppUITests;
			packageProductDependencies = (
			);
			productName = PersonalFinanceAppUITests;
			productReference = 49439FCB2E8C188400A64B86 /* PersonalFinanceAppUITests.xctest */;
			productType = "com.apple.product-type.bundle.ui-testing";
		};
/* End PBXNativeTarget section */

/* Begin PBXProject section */
		49439FAC2E8C188300A64B86 /* Project object */ = {
			isa = PBXProject;
			attributes = {
				BuildIndependentTargetsInParallel = 1;
				LastSwiftUpdateCheck = 2600;
				LastUpgradeCheck = 2600;
				TargetAttributes = {
					49439FB32E8C188300A64B86 = {
						CreatedOnToolsVersion = 26.0.1;
					};
					49439FC02E8C188400A64B86 = {
						CreatedOnToolsVersion = 26.0.1;
						TestTargetID = 49439FB32E8C188300A64B86;
					};
					49439FCA2E8C188400A64B86 = {
						CreatedOnToolsVersion = 26.0.1;
						TestTargetID = 49439FB32E8C188300A64B86;
					};
				};
			};
			buildConfigurationList = 49439FAF2E8C188300A64B86 /* Build configuration list for PBXProject "PersonalFinanceApp" */;
			developmentRegion = en;
			hasScannedForEncodings = 0;
			knownRegions = (
				en,
				Base,
			);
			mainGroup = 49439FAB2E8C188300A64B86;
			minimizedProjectReferenceProxies = 1;
			preferredProjectObjectVersion = 77;
			productRefGroup = 49439FB52E8C188300A64B86 /* Products */;
			projectDirPath = "";
			projectRoot = "";
			targets = (
				49439FB32E8C188300A64B86 /* PersonalFinanceApp */,
				49439FC02E8C188400A64B86 /* PersonalFinanceAppTests */,
				49439FCA2E8C188400A64B86 /* PersonalFinanceAppUITests */,
			);
		};
/* End PBXProject section */

/* Begin PBXResourcesBuildPhase section */
		49439FB22E8C188300A64B86 /* Resources */ = {
			isa = PBXResourcesBuildPhase;
			buildActionMask = 2147483647;
			files = (
			);
			runOnlyForDeploymentPostprocessing = 0;
		};
		49439FBF2E8C188400A64B86 /* Resources */ = {
			isa = PBXResourcesBuildPhase;
			buildActionMask = 2147483647;
			files = (
			);
			runOnlyForDeploymentPostprocessing = 0;
		};
		49439FC92E8C188400A64B86 /* Resources */ = {
			isa = PBXResourcesBuildPhase;
			buildActionMask = 2147483647;
			files = (
			);
			runOnlyForDeploymentPostprocessing = 0;
		};
/* End PBXResourcesBuildPhase section */

/* Begin PBXSourcesBuildPhase section */
		49439FB02E8C188300A64B86 /* Sources */ = {
			isa = PBXSourcesBuildPhase;
			buildActionMask = 2147483647;
			files = (
			);
			runOnlyForDeploymentPostprocessing = 0;
		};
		49439FBD2E8C188400A64B86 /* Sources */ = {
			isa = PBXSourcesBuildPhase;
			buildActionMask = 2147483647;
			files = (
			);
			runOnlyForDeploymentPostprocessing = 0;
		};
		49439FC72E8C188400A64B86 /* Sources */ = {
			isa = PBXSourcesBuildPhase;
			buildActionMask = 2147483647;
			files = (
			);
			runOnlyForDeploymentPostprocessing = 0;
		};
/* End PBXSourcesBuildPhase section */

/* Begin PBXTargetDependency section */
		49439FC32E8C188400A64B86 /* PBXTargetDependency */ = {
			isa = PBXTargetDependency;
			target = 49439FB32E8C188300A64B86 /* PersonalFinanceApp */;
			targetProxy = 49439FC22E8C188400A64B86 /* PBXContainerItemProxy */;
		};
		49439FCD2E8C188400A64B86 /* PBXTargetDependency */ = {
			isa = PBXTargetDependency;
			target = 49439FB32E8C188300A64B86 /* PersonalFinanceApp */;
			targetProxy = 49439FCC2E8C188400A64B86 /* PBXContainerItemProxy */;
		};
/* End PBXTargetDependency section */

/* Begin XCBuildConfiguration section */
		49439FD32E8C188400A64B86 /* Debug */ = {
			isa = XCBuildConfiguration;
			buildSettings = {
				ALWAYS_SEARCH_USER_PATHS = NO;
				ASSETCATALOG_COMPILER_GENERATE_SWIFT_ASSET_SYMBOL_EXTENSIONS = YES;
				CLANG_ANALYZER_NONNULL = YES;
				CLANG_ANALYZER_NUMBER_OBJECT_CONVERSION = YES_AGGRESSIVE;
				CLANG_CXX_LANGUAGE_STANDARD = "gnu++20";
				CLANG_ENABLE_MODULES = YES;
				CLANG_ENABLE_OBJC_ARC = YES;
				CLANG_ENABLE_OBJC_WEAK = YES;
				CLANG_WARN_BLOCK_CAPTURE_AUTORELEASING = YES;
				CLANG_WARN_BOOL_CONVERSION = YES;
				CLANG_WARN_COMMA = YES;
				CLANG_WARN_CONSTANT_CONVERSION = YES;
				CLANG_WARN_DEPRECATED_OBJC_IMPLEMENTATIONS = YES;
				CLANG_WARN_DIRECT_OBJC_ISA_USAGE = YES_ERROR;
				CLANG_WARN_DOCUMENTATION_COMMENTS = YES;
				CLANG_WARN_EMPTY_BODY = YES;
				CLANG_WARN_ENUM_CONVERSION = YES;
				CLANG_WARN_INFINITE_RECURSION = YES;
				CLANG_WARN_INT_CONVERSION = YES;
				CLANG_WARN_NON_LITERAL_NULL_CONVERSION = YES;
				CLANG_WARN_OBJC_IMPLICIT_RETAIN_SELF = YES;
				CLANG_WARN_OBJC_LITERAL_CONVERSION = YES;
				CLANG_WARN_OBJC_ROOT_CLASS = YES_ERROR;
				CLANG_WARN_QUOTED_INCLUDE_IN_FRAMEWORK_HEADER = YES;
				CLANG_WARN_RANGE_LOOP_ANALYSIS = YES;
				CLANG_WARN_STRICT_PROTOTYPES = YES;
				CLANG_WARN_SUSPICIOUS_MOVE = YES;
				CLANG_WARN_UNGUARDED_AVAILABILITY = YES_AGGRESSIVE;
				CLANG_WARN_UNREACHABLE_CODE = YES;
				CLANG_WARN__DUPLICATE_METHOD_MATCH = YES;
				COPY_PHASE_STRIP = NO;
				DEBUG_INFORMATION_FORMAT = dwarf;
				DEVELOPMENT_TEAM = R2UDH6HQ8U;
				ENABLE_STRICT_OBJC_MSGSEND = YES;
				ENABLE_TESTABILITY = YES;
				ENABLE_USER_SCRIPT_SANDBOXING = YES;
				GCC_C_LANGUAGE_STANDARD = gnu17;
				GCC_DYNAMIC_NO_PIC = NO;
				GCC_NO_COMMON_BLOCKS = YES;
				GCC_OPTIMIZATION_LEVEL = 0;
				GCC_PREPROCESSOR_DEFINITIONS = (
					"DEBUG=1",
					"$(inherited)",
				);
				GCC_WARN_64_TO_32_BIT_CONVERSION = YES;
				GCC_WARN_ABOUT_RETURN_TYPE = YES_ERROR;
				GCC_WARN_UNDECLARED_SELECTOR = YES;
				GCC_WARN_UNINITIALIZED_AUTOS = YES_AGGRESSIVE;
				GCC_WARN_UNUSED_FUNCTION = YES;
				GCC_WARN_UNUSED_VARIABLE = YES;
				LOCALIZATION_PREFERS_STRING_CATALOGS = YES;
				MACOSX_DEPLOYMENT_TARGET = 15.6;
				MTL_ENABLE_DEBUG_INFO = INCLUDE_SOURCE;
				MTL_FAST_MATH = YES;
				ONLY_ACTIVE_ARCH = YES;
				SDKROOT = macosx;
				SWIFT_ACTIVE_COMPILATION_CONDITIONS = "DEBUG $(inherited)";
				SWIFT_OPTIMIZATION_LEVEL = "-Onone";
			};
			name = Debug;
		};
		49439FD42E8C188400A64B86 /* Release */ = {
			isa = XCBuildConfiguration;
			buildSettings = {
				ALWAYS_SEARCH_USER_PATHS = NO;
				ASSETCATALOG_COMPILER_GENERATE_SWIFT_ASSET_SYMBOL_EXTENSIONS = YES;
				CLANG_ANALYZER_NONNULL = YES;
				CLANG_ANALYZER_NUMBER_OBJECT_CONVERSION = YES_AGGRESSIVE;
				CLANG_CXX_LANGUAGE_STANDARD = "gnu++20";
				CLANG_ENABLE_MODULES = YES;
				CLANG_ENABLE_OBJC_ARC = YES;
				CLANG_ENABLE_OBJC_WEAK = YES;
				CLANG_WARN_BLOCK_CAPTURE_AUTORELEASING = YES;
				CLANG_WARN_BOOL_CONVERSION = YES;
				CLANG_WARN_COMMA = YES;
				CLANG_WARN_CONSTANT_CONVERSION = YES;
				CLANG_WARN_DEPRECATED_OBJC_IMPLEMENTATIONS = YES;
				CLANG_WARN_DIRECT_OBJC_ISA_USAGE = YES_ERROR;
				CLANG_WARN_DOCUMENTATION_COMMENTS = YES;
				CLANG_WARN_EMPTY_BODY = YES;
				CLANG_WARN_ENUM_CONVERSION = YES;
				CLANG_WARN_INFINITE_RECURSION = YES;
				CLANG_WARN_INT_CONVERSION = YES;
				CLANG_WARN_NON_LITERAL_NULL_CONVERSION = YES;
				CLANG_WARN_OBJC_IMPLICIT_RETAIN_SELF = YES;
				CLANG_WARN_OBJC_LITERAL_CONVERSION = YES;
				CLANG_WARN_OBJC_ROOT_CLASS = YES_ERROR;
				CLANG_WARN_QUOTED_INCLUDE_IN_FRAMEWORK_HEADER = YES;
				CLANG_WARN_RANGE_LOOP_ANALYSIS = YES;
				CLANG_WARN_STRICT_PROTOTYPES = YES;
				CLANG_WARN_SUSPICIOUS_MOVE = YES;
				CLANG_WARN_UNGUARDED_AVAILABILITY = YES_AGGRESSIVE;
				CLANG_WARN_UNREACHABLE_CODE = YES;
				CLANG_WARN__DUPLICATE_METHOD_MATCH = YES;
				COPY_PHASE_STRIP = NO;
				DEBUG_INFORMATION_FORMAT = "dwarf-with-dsym";
				DEVELOPMENT_TEAM = R2UDH6HQ8U;
				ENABLE_NS_ASSERTIONS = NO;
				ENABLE_STRICT_OBJC_MSGSEND = YES;
				ENABLE_USER_SCRIPT_SANDBOXING = YES;
				GCC_C_LANGUAGE_STANDARD = gnu17;
				GCC_NO_COMMON_BLOCKS = YES;
				GCC_WARN_64_TO_32_BIT_CONVERSION = YES;
				GCC_WARN_ABOUT_RETURN_TYPE = YES_ERROR;
				GCC_WARN_UNDECLARED_SELECTOR = YES;
				GCC_WARN_UNINITIALIZED_AUTOS = YES_AGGRESSIVE;
				GCC_WARN_UNUSED_FUNCTION = YES;
				GCC_WARN_UNUSED_VARIABLE = YES;
				LOCALIZATION_PREFERS_STRING_CATALOGS = YES;
				MACOSX_DEPLOYMENT_TARGET = 15.6;
				MTL_ENABLE_DEBUG_INFO = NO;
				MTL_FAST_MATH = YES;
				SDKROOT = macosx;
				SWIFT_COMPILATION_MODE = wholemodule;
			};
			name = Release;
		};
		49439FD62E8C188400A64B86 /* Debug */ = {
			isa = XCBuildConfiguration;
			buildSettings = {
				ASSETCATALOG_COMPILER_APPICON_NAME = AppIcon;
				ASSETCATALOG_COMPILER_GLOBAL_ACCENT_COLOR_NAME = AccentColor;
				CODE_SIGN_STYLE = Automatic;
				COMBINE_HIDPI_IMAGES = YES;
				CURRENT_PROJECT_VERSION = 1;
				DEVELOPMENT_TEAM = R2UDH6HQ8U;
				ENABLE_APP_SANDBOX = YES;
				ENABLE_HARDENED_RUNTIME = YES;
				ENABLE_PREVIEWS = YES;
				ENABLE_USER_SELECTED_FILES = readonly;
				GENERATE_INFOPLIST_FILE = YES;
				INFOPLIST_KEY_NSHumanReadableCopyright = "";
				LD_RUNPATH_SEARCH_PATHS = (
					"$(inherited)",
					"@executable_path/../Frameworks",
				);
				MARKETING_VERSION = 1.0;
				PRODUCT_BUNDLE_IDENTIFIER = home.enterprise.PersonalFinanceApp;
				PRODUCT_NAME = "$(TARGET_NAME)";
				REGISTER_APP_GROUPS = YES;
				STRING_CATALOG_GENERATE_SYMBOLS = YES;
				SWIFT_APPROACHABLE_CONCURRENCY = YES;
				SWIFT_DEFAULT_ACTOR_ISOLATION = MainActor;
				SWIFT_EMIT_LOC_STRINGS = YES;
				SWIFT_UPCOMING_FEATURE_MEMBER_IMPORT_VISIBILITY = YES;
				SWIFT_VERSION = 5.0;
			};
			name = Debug;
		};
		49439FD72E8C188400A64B86 /* Release */ = {
			isa = XCBuildConfiguration;
			buildSettings = {
				ASSETCATALOG_COMPILER_APPICON_NAME = AppIcon;
				ASSETCATALOG_COMPILER_GLOBAL_ACCENT_COLOR_NAME = AccentColor;
				CODE_SIGN_STYLE = Automatic;
				COMBINE_HIDPI_IMAGES = YES;
				CURRENT_PROJECT_VERSION = 1;
				DEVELOPMENT_TEAM = R2UDH6HQ8U;
				ENABLE_APP_SANDBOX = YES;
				ENABLE_HARDENED_RUNTIME = YES;
				ENABLE_PREVIEWS = YES;
				ENABLE_USER_SELECTED_FILES = readonly;
				GENERATE_INFOPLIST_FILE = YES;
				INFOPLIST_KEY_NSHumanReadableCopyright = "";
				LD_RUNPATH_SEARCH_PATHS = (
					"$(inherited)",
					"@executable_path/../Frameworks",
				);
				MARKETING_VERSION = 1.0;
				PRODUCT_BUNDLE_IDENTIFIER = home.enterprise.PersonalFinanceApp;
				PRODUCT_NAME = "$(TARGET_NAME)";
				REGISTER_APP_GROUPS = YES;
				STRING_CATALOG_GENERATE_SYMBOLS = YES;
				SWIFT_APPROACHABLE_CONCURRENCY = YES;
				SWIFT_DEFAULT_ACTOR_ISOLATION = MainActor;
				SWIFT_EMIT_LOC_STRINGS = YES;
				SWIFT_UPCOMING_FEATURE_MEMBER_IMPORT_VISIBILITY = YES;
				SWIFT_VERSION = 5.0;
			};
			name = Release;
		};
		49439FD92E8C188400A64B86 /* Debug */ = {
			isa = XCBuildConfiguration;
			buildSettings = {
				BUNDLE_LOADER = "$(TEST_HOST)";
				CODE_SIGN_STYLE = Automatic;
				CURRENT_PROJECT_VERSION = 1;
				DEVELOPMENT_TEAM = R2UDH6HQ8U;
				GENERATE_INFOPLIST_FILE = YES;
				MACOSX_DEPLOYMENT_TARGET = 15.6;
				MARKETING_VERSION = 1.0;
				PRODUCT_BUNDLE_IDENTIFIER = home.enterprise.PersonalFinanceAppTests;
				PRODUCT_NAME = "$(TARGET_NAME)";
				STRING_CATALOG_GENERATE_SYMBOLS = NO;
				SWIFT_APPROACHABLE_CONCURRENCY = YES;
				SWIFT_EMIT_LOC_STRINGS = NO;
				SWIFT_UPCOMING_FEATURE_MEMBER_IMPORT_VISIBILITY = YES;
				SWIFT_VERSION = 5.0;
				TEST_HOST = "$(BUILT_PRODUCTS_DIR)/PersonalFinanceApp.app/$(BUNDLE_EXECUTABLE_FOLDER_PATH)/PersonalFinanceApp";
			};
			name = Debug;
		};
		49439FDA2E8C188400A64B86 /* Release */ = {
			isa = XCBuildConfiguration;
			buildSettings = {
				BUNDLE_LOADER = "$(TEST_HOST)";
				CODE_SIGN_STYLE = Automatic;
				CURRENT_PROJECT_VERSION = 1;
				DEVELOPMENT_TEAM = R2UDH6HQ8U;
				GENERATE_INFOPLIST_FILE = YES;
				MACOSX_DEPLOYMENT_TARGET = 15.6;
				MARKETING_VERSION = 1.0;
				PRODUCT_BUNDLE_IDENTIFIER = home.enterprise.PersonalFinanceAppTests;
				PRODUCT_NAME = "$(TARGET_NAME)";
				STRING_CATALOG_GENERATE_SYMBOLS = NO;
				SWIFT_APPROACHABLE_CONCURRENCY = YES;
				SWIFT_EMIT_LOC_STRINGS = NO;
				SWIFT_UPCOMING_FEATURE_MEMBER_IMPORT_VISIBILITY = YES;
				SWIFT_VERSION = 5.0;
				TEST_HOST = "$(BUILT_PRODUCTS_DIR)/PersonalFinanceApp.app/$(BUNDLE_EXECUTABLE_FOLDER_PATH)/PersonalFinanceApp";
			};
			name = Release;
		};
		49439FDC2E8C188400A64B86 /* Debug */ = {
			isa = XCBuildConfiguration;
			buildSettings = {
				CODE_SIGN_STYLE = Automatic;
				CURRENT_PROJECT_VERSION = 1;
				DEVELOPMENT_TEAM = R2UDH6HQ8U;
				GENERATE_INFOPLIST_FILE = YES;
				MARKETING_VERSION = 1.0;
				PRODUCT_BUNDLE_IDENTIFIER = home.enterprise.PersonalFinanceAppUITests;
				PRODUCT_NAME = "$(TARGET_NAME)";
				STRING_CATALOG_GENERATE_SYMBOLS = NO;
				SWIFT_APPROACHABLE_CONCURRENCY = YES;
				SWIFT_EMIT_LOC_STRINGS = NO;
				SWIFT_UPCOMING_FEATURE_MEMBER_IMPORT_VISIBILITY = YES;
				SWIFT_VERSION = 5.0;
				TEST_TARGET_NAME = PersonalFinanceApp;
			};
			name = Debug;
		};
		49439FDD2E8C188400A64B86 /* Release */ = {
			isa = XCBuildConfiguration;
			buildSettings = {
				CODE_SIGN_STYLE = Automatic;
				CURRENT_PROJECT_VERSION = 1;
				DEVELOPMENT_TEAM = R2UDH6HQ8U;
				GENERATE_INFOPLIST_FILE = YES;
				MARKETING_VERSION = 1.0;
				PRODUCT_BUNDLE_IDENTIFIER = home.enterprise.PersonalFinanceAppUITests;
				PRODUCT_NAME = "$(TARGET_NAME)";
				STRING_CATALOG_GENERATE_SYMBOLS = NO;
				SWIFT_APPROACHABLE_CONCURRENCY = YES;
				SWIFT_EMIT_LOC_STRINGS = NO;
				SWIFT_UPCOMING_FEATURE_MEMBER_IMPORT_VISIBILITY = YES;
				SWIFT_VERSION = 5.0;
				TEST_TARGET_NAME = PersonalFinanceApp;
			};
			name = Release;
		};
/* End XCBuildConfiguration section */

/* Begin XCConfigurationList section */
		49439FAF2E8C188300A64B86 /* Build configuration list for PBXProject "PersonalFinanceApp" */ = {
			isa = XCConfigurationList;
			buildConfigurations = (
				49439FD32E8C188400A64B86 /* Debug */,
				49439FD42E8C188400A64B86 /* Release */,
			);
			defaultConfigurationIsVisible = 0;
			defaultConfigurationName = Release;
		};
		49439FD52E8C188400A64B86 /* Build configuration list for PBXNativeTarget "PersonalFinanceApp" */ = {
			isa = XCConfigurationList;
			buildConfigurations = (
				49439FD62E8C188400A64B86 /* Debug */,
				49439FD72E8C188400A64B86 /* Release */,
			);
			defaultConfigurationIsVisible = 0;
			defaultConfigurationName = Release;
		};
		49439FD82E8C188400A64B86 /* Build configuration list for PBXNativeTarget "PersonalFinanceAppTests" */ = {
			isa = XCConfigurationList;
			buildConfigurations = (
				49439FD92E8C188400A64B86 /* Debug */,
				49439FDA2E8C188400A64B86 /* Release */,
			);
			defaultConfigurationIsVisible = 0;
			defaultConfigurationName = Release;
		};
		49439FDB2E8C188400A64B86 /* Build configuration list for PBXNativeTarget "PersonalFinanceAppUITests" */ = {
			isa = XCConfigurationList;
			buildConfigurations = (
				49439FDC2E8C188400A64B86 /* Debug */,
				49439FDD2E8C188400A64B86 /* Release */,
			);
			defaultConfigurationIsVisible = 0;
			defaultConfigurationName = Release;
		};
/* End XCConfigurationList section */
	};
	rootObject = 49439FAC2E8C188300A64B86 /* Project object */;
}
